// !$*UTF8*$!
{
	archiveVersion = 1;
	classes = {
	};
	objectVersion = 46;
	objects = {

/* Begin PBXBuildFile section */
		D394B5F61E56E6910018A133 /* XMLParser.swift in Sources */ = {isa = PBXBuildFile; fileRef = D394B5F51E56E6910018A133 /* XMLParser.swift */; };
		D3D9E8F01E54615B00703677 /* AppDelegate.swift in Sources */ = {isa = PBXBuildFile; fileRef = D3D9E8EF1E54615B00703677 /* AppDelegate.swift */; };
		D3D9E8F21E54615B00703677 /* ViewController.swift in Sources */ = {isa = PBXBuildFile; fileRef = D3D9E8F11E54615B00703677 /* ViewController.swift */; };
		D3D9E8F51E54615B00703677 /* Main.storyboard in Resources */ = {isa = PBXBuildFile; fileRef = D3D9E8F31E54615B00703677 /* Main.storyboard */; };
		D3D9E8F71E54615B00703677 /* Assets.xcassets in Resources */ = {isa = PBXBuildFile; fileRef = D3D9E8F61E54615B00703677 /* Assets.xcassets */; };
		D3D9E8FA1E54615B00703677 /* LaunchScreen.storyboard in Resources */ = {isa = PBXBuildFile; fileRef = D3D9E8F81E54615B00703677 /* LaunchScreen.storyboard */; };
/* End PBXBuildFile section */

/* Begin PBXFileReference section */
		D394B5F51E56E6910018A133 /* XMLParser.swift */ = {isa = PBXFileReference; fileEncoding = 4; lastKnownFileType = sourcecode.swift; path = XMLParser.swift; sourceTree = "<group>"; };
		D3D9E8EC1E54615B00703677 /* QRCodeReader.app */ = {isa = PBXFileReference; explicitFileType = wrapper.application; includeInIndex = 0; path = QRCodeReader.app; sourceTree = BUILT_PRODUCTS_DIR; };
		D3D9E8EF1E54615B00703677 /* AppDelegate.swift */ = {isa = PBXFileReference; lastKnownFileType = sourcecode.swift; path = AppDelegate.swift; sourceTree = "<group>"; };
		D3D9E8F11E54615B00703677 /* ViewController.swift */ = {isa = PBXFileReference; lastKnownFileType = sourcecode.swift; path = ViewController.swift; sourceTree = "<group>"; };
		D3D9E8F41E54615B00703677 /* Base */ = {isa = PBXFileReference; lastKnownFileType = file.storyboard; name = Base; path = Base.lproj/Main.storyboard; sourceTree = "<group>"; };
		D3D9E8F61E54615B00703677 /* Assets.xcassets */ = {isa = PBXFileReference; lastKnownFileType = folder.assetcatalog; path = Assets.xcassets; sourceTree = "<group>"; };
		D3D9E8F91E54615B00703677 /* Base */ = {isa = PBXFileReference; lastKnownFileType = file.storyboard; name = Base; path = Base.lproj/LaunchScreen.storyboard; sourceTree = "<group>"; };
		D3D9E8FB1E54615B00703677 /* Info.plist */ = {isa = PBXFileReference; lastKnownFileType = text.plist.xml; path = Info.plist; sourceTree = "<group>"; };
/* End PBXFileReference section */

/* Begin PBXFrameworksBuildPhase section */
		D3D9E8E91E54615B00703677 /* Frameworks */ = {
			isa = PBXFrameworksBuildPhase;
			buildActionMask = 2147483647;
			files = (
			);
			runOnlyForDeploymentPostprocessing = 0;
		};
/* End PBXFrameworksBuildPhase section */

/* Begin PBXGroup section */
		D3D9E8E31E54615B00703677 = {
			isa = PBXGroup;
			children = (
				D3D9E8EE1E54615B00703677 /* QRCodeReader */,
				D3D9E8ED1E54615B00703677 /* Products */,
			);
			sourceTree = "<group>";
		};
		D3D9E8ED1E54615B00703677 /* Products */ = {
			isa = PBXGroup;
			children = (
				D3D9E8EC1E54615B00703677 /* QRCodeReader.app */,
			);
			name = Products;
			sourceTree = "<group>";
		};
		D3D9E8EE1E54615B00703677 /* QRCodeReader */ = {
			isa = PBXGroup;
			children = (
				D3D9E8EF1E54615B00703677 /* AppDelegate.swift */,
				D3D9E8F11E54615B00703677 /* ViewController.swift */,
				D394B5F51E56E6910018A133 /* XMLParser.swift */,
				D3D9E8F31E54615B00703677 /* Main.storyboard */,
				D3D9E8F61E54615B00703677 /* Assets.xcassets */,
				D3D9E8F81E54615B00703677 /* LaunchScreen.storyboard */,
				D3D9E8FB1E54615B00703677 /* Info.plist */,
			);
			path = QRCodeReader;
			sourceTree = "<group>";
		};
/* End PBXGroup section */

/* Begin PBXNativeTarget section */
		D3D9E8EB1E54615B00703677 /* QRCodeReader */ = {
			isa = PBXNativeTarget;
			buildConfigurationList = D3D9E8FE1E54615B00703677 /* Build configuration list for PBXNativeTarget "QRCodeReader" */;
			buildPhases = (
				D3D9E8E81E54615B00703677 /* Sources */,
				D3D9E8E91E54615B00703677 /* Frameworks */,
				D3D9E8EA1E54615B00703677 /* Resources */,
			);
			buildRules = (
			);
			dependencies = (
			);
			name = QRCodeReader;
			productName = QRCodeReader;
			productReference = D3D9E8EC1E54615B00703677 /* QRCodeReader.app */;
			productType = "com.apple.product-type.application";
		};
/* End PBXNativeTarget section */

/* Begin PBXProject section */
		D3D9E8E41E54615B00703677 /* Project object */ = {
			isa = PBXProject;
			attributes = {
				LastSwiftUpdateCheck = 0820;
				LastUpgradeCheck = 0820;
				ORGANIZATIONNAME = "Aditya Vikram Godawat";
				TargetAttributes = {
					D3D9E8EB1E54615B00703677 = {
						CreatedOnToolsVersion = 8.2.1;
						DevelopmentTeam = Z3S9BFKG24;
						ProvisioningStyle = Automatic;
					};
				};
			};
			buildConfigurationList = D3D9E8E71E54615B00703677 /* Build configuration list for PBXProject "QRCodeReader" */;
			compatibilityVersion = "Xcode 3.2";
			developmentRegion = English;
			hasScannedForEncodings = 0;
			knownRegions = (
				en,
				Base,
			);
			mainGroup = D3D9E8E31E54615B00703677;
			productRefGroup = D3D9E8ED1E54615B00703677 /* Products */;
			projectDirPath = "";
			projectRoot = "";
			targets = (
				D3D9E8EB1E54615B00703677 /* QRCodeReader */,
			);
		};
/* End PBXProject section */

/* Begin PBXResourcesBuildPhase section */
		D3D9E8EA1E54615B00703677 /* Resources */ = {
			isa = PBXResourcesBuildPhase;
			buildActionMask = 2147483647;
			files = (
				D3D9E8FA1E54615B00703677 /* LaunchScreen.storyboard in Resources */,
				D3D9E8F71E54615B00703677 /* Assets.xcassets in Resources */,
				D3D9E8F51E54615B00703677 /* Main.storyboard in Resources */,
			);
			runOnlyForDeploymentPostprocessing = 0;
		};
/* End PBXResourcesBuildPhase section */

/* Begin PBXSourcesBuildPhase section */
		D3D9E8E81E54615B00703677 /* Sources */ = {
			isa = PBXSourcesBuildPhase;
			buildActionMask = 2147483647;
			files = (
				D3D9E8F21E54615B00703677 /* ViewController.swift in Sources */,
				D394B5F61E56E6910018A133 /* XMLParser.swift in Sources */,
				D3D9E8F01E54615B00703677 /* AppDelegate.swift in Sources */,
			);
			runOnlyForDeploymentPostprocessing = 0;
		};
/* End PBXSourcesBuildPhase section */

/* Begin PBXVariantGroup section */
		D3D9E8F31E54615B00703677 /* Main.storyboard */ = {
			isa = PBXVariantGroup;
			children = (
				D3D9E8F41E54615B00703677 /* Base */,
			);
			name = Main.storyboard;
			sourceTree = "<group>";
		};
		D3D9E8F81E54615B00703677 /* LaunchScreen.storyboard */ = {
			isa = PBXVariantGroup;
			children = (
				D3D9E8F91E54615B00703677 /* Base */,
			);
			name = LaunchScreen.storyboard;
			sourceTree = "<group>";
		};
/* End PBXVariantGroup section */

/* Begin XCBuildConfiguration section */
		D3D9E8FC1E54615B00703677 /* Debug */ = {
			isa = XCBuildConfiguration;
			buildSettings = {
				ALWAYS_SEARCH_USER_PATHS = NO;
				CLANG_ANALYZER_NONNULL = YES;
				CLANG_CXX_LANGUAGE_STANDARD = "gnu++0x";
				CLANG_CXX_LIBRARY = "libc++";
				CLANG_ENABLE_MODULES = YES;
				CLANG_ENABLE_OBJC_ARC = YES;
				CLANG_WARN_BOOL_CONVERSION = YES;
				CLANG_WARN_CONSTANT_CONVERSION = YES;
				CLANG_WARN_DIRECT_OBJC_ISA_USAGE = YES_ERROR;
				CLANG_WARN_DOCUMENTATION_COMMENTS = YES;
				CLANG_WARN_EMPTY_BODY = YES;
				CLANG_WARN_ENUM_CONVERSION = YES;
				CLANG_WARN_INFINITE_RECURSION = YES;
				CLANG_WARN_INT_CONVERSION = YES;
				CLANG_WARN_OBJC_ROOT_CLASS = YES_ERROR;
				CLANG_WARN_SUSPICIOUS_MOVE = YES;
				CLANG_WARN_UNREACHABLE_CODE = YES;
				CLANG_WARN__DUPLICATE_METHOD_MATCH = YES;
				"CODE_SIGN_IDENTITY[sdk=iphoneos*]" = "iPhone Developer";
				COPY_PHASE_STRIP = NO;
				DEBUG_INFORMATION_FORMAT = dwarf;
				ENABLE_STRICT_OBJC_MSGSEND = YES;
				ENABLE_TESTABILITY = YES;
				GCC_C_LANGUAGE_STANDARD = gnu99;
				GCC_DYNAMIC_NO_PIC = NO;
				GCC_NO_COMMON_BLOCKS = YES;
				GCC_OPTIMIZATION_LEVEL = 0;
				GCC_PREPROCESSOR_DEFINITIONS = (
					"DEBUG=1",
					"$(inherited)",
				);
				GCC_WARN_64_TO_32_BIT_CONVERSION = YES;
				GCC_WARN_ABOUT_RETURN_TYPE = YES_ERROR;
				GCC_WARN_UNDECLARED_SELECTOR = YES;
				GCC_WARN_UNINITIALIZED_AUTOS = YES_AGGRESSIVE;
				GCC_WARN_UNUSED_FUNCTION = YES;
				GCC_WARN_UNUSED_VARIABLE = YES;
				IPHONEOS_DEPLOYMENT_TARGET = 10.2;
				MTL_ENABLE_DEBUG_INFO = YES;
				ONLY_ACTIVE_ARCH = YES;
				SDKROOT = iphoneos;
				SWIFT_ACTIVE_COMPILATION_CONDITIONS = DEBUG;
				SWIFT_OPTIMIZATION_LEVEL = "-Onone";
				TARGETED_DEVICE_FAMILY = "1,2";
			};
			name = Debug;
		};
		D3D9E8FD1E54615B00703677 /* Release */ = {
			isa = XCBuildConfiguration;
			buildSettings = {
				ALWAYS_SEARCH_USER_PATHS = NO;
				CLANG_ANALYZER_NONNULL = YES;
				CLANG_CXX_LANGUAGE_STANDARD = "gnu++0x";
				CLANG_CXX_LIBRARY = "libc++";
				CLANG_ENABLE_MODULES = YES;
				CLANG_ENABLE_OBJC_ARC = YES;
				CLANG_WARN_BOOL_CONVERSION = YES;
				CLANG_WARN_CONSTANT_CONVERSION = YES;
				CLANG_WARN_DIRECT_OBJC_ISA_USAGE = YES_ERROR;
				CLANG_WARN_DOCUMENTATION_COMMENTS = YES;
				CLANG_WARN_EMPTY_BODY = YES;
				CLANG_WARN_ENUM_CONVERSION = YES;
				CLANG_WARN_INFINITE_RECURSION = YES;
				CLANG_WARN_INT_CONVERSION = YES;
				CLANG_WARN_OBJC_ROOT_CLASS = YES_ERROR;
				CLANG_WARN_SUSPICIOUS_MOVE = YES;
				CLANG_WARN_UNREACHABLE_CODE = YES;
				CLANG_WARN__DUPLICATE_METHOD_MATCH = YES;
				"CODE_SIGN_IDENTITY[sdk=iphoneos*]" = "iPhone Developer";
				COPY_PHASE_STRIP = NO;
				DEBUG_INFORMATION_FORMAT = "dwarf-with-dsym";
				ENABLE_NS_ASSERTIONS = NO;
				ENABLE_STRICT_OBJC_MSGSEND = YES;
				GCC_C_LANGUAGE_STANDARD = gnu99;
				GCC_NO_COMMON_BLOCKS = YES;
				GCC_WARN_64_TO_32_BIT_CONVERSION = YES;
				GCC_WARN_ABOUT_RETURN_TYPE = YES_ERROR;
				GCC_WARN_UNDECLARED_SELECTOR = YES;
				GCC_WARN_UNINITIALIZED_AUTOS = YES_AGGRESSIVE;
				GCC_WARN_UNUSED_FUNCTION = YES;
				GCC_WARN_UNUSED_VARIABLE = YES;
				IPHONEOS_DEPLOYMENT_TARGET = 10.2;
				MTL_ENABLE_DEBUG_INFO = NO;
				SDKROOT = iphoneos;
				SWIFT_OPTIMIZATION_LEVEL = "-Owholemodule";
				TARGETED_DEVICE_FAMILY = "1,2";
				VALIDATE_PRODUCT = YES;
			};
			name = Release;
		};
		D3D9E8FF1E54615B00703677 /* Debug */ = {
			isa = XCBuildConfiguration;
			buildSettings = {
				ASSETCATALOG_COMPILER_APPICON_NAME = AppIcon;
				DEVELOPMENT_TEAM = Z3S9BFKG24;
				INFOPLIST_FILE = QRCodeReader/Info.plist;
				LD_RUNPATH_SEARCH_PATHS = "$(inherited) @executable_path/Frameworks";
				PRODUCT_BUNDLE_IDENTIFIER = com.niennonno.QRCodeReader;
				PRODUCT_NAME = "$(TARGET_NAME)";
				SWIFT_VERSION = 3.0;
			};
			name = Debug;
		};
		D3D9E9001E54615B00703677 /* Release */ = {
			isa = XCBuildConfiguration;
			buildSettings = {
				ASSETCATALOG_COMPILER_APPICON_NAME = AppIcon;
				DEVELOPMENT_TEAM = Z3S9BFKG24;
				INFOPLIST_FILE = QRCodeReader/Info.plist;
				LD_RUNPATH_SEARCH_PATHS = "$(inherited) @executable_path/Frameworks";
				PRODUCT_BUNDLE_IDENTIFIER = com.niennonno.QRCodeReader;
				PRODUCT_NAME = "$(TARGET_NAME)";
				SWIFT_VERSION = 3.0;
			};
			name = Release;
		};
/* End XCBuildConfiguration section */

/* Begin XCConfigurationList section */
		D3D9E8E71E54615B00703677 /* Build configuration list for PBXProject "QRCodeReader" */ = {
			isa = XCConfigurationList;
			buildConfigurations = (
				D3D9E8FC1E54615B00703677 /* Debug */,
				D3D9E8FD1E54615B00703677 /* Release */,
			);
			defaultConfigurationIsVisible = 0;
			defaultConfigurationName = Release;
		};
		D3D9E8FE1E54615B00703677 /* Build configuration list for PBXNativeTarget "QRCodeReader" */ = {
			isa = XCConfigurationList;
			buildConfigurations = (
				D3D9E8FF1E54615B00703677 /* Debug */,
				D3D9E9001E54615B00703677 /* Release */,
			);
			defaultConfigurationIsVisible = 0;
			defaultConfigurationName = Release;
		};
/* End XCConfigurationList section */
	};
	rootObject = D3D9E8E41E54615B00703677 /* Project object */;
}
